// !$*UTF8*$!
{
	archiveVersion = 1;
	classes = {
	};
	objectVersion = 48;
	objects = {

/* Begin PBXBuildFile section */
		000E93041F9CCC2D001E6EDB /* AppDelegate.swift in Sources */ = {isa = PBXBuildFile; fileRef = 000E93031F9CCC2D001E6EDB /* AppDelegate.swift */; };
		000E93061F9CCC2D001E6EDB /* ViewController.swift in Sources */ = {isa = PBXBuildFile; fileRef = 000E93051F9CCC2D001E6EDB /* ViewController.swift */; };
		000E93091F9CCC2D001E6EDB /* Main.storyboard in Resources */ = {isa = PBXBuildFile; fileRef = 000E93071F9CCC2D001E6EDB /* Main.storyboard */; };
		000E930B1F9CCC2D001E6EDB /* Assets.xcassets in Resources */ = {isa = PBXBuildFile; fileRef = 000E930A1F9CCC2D001E6EDB /* Assets.xcassets */; };
		000E930E1F9CCC2D001E6EDB /* LaunchScreen.storyboard in Resources */ = {isa = PBXBuildFile; fileRef = 000E930C1F9CCC2D001E6EDB /* LaunchScreen.storyboard */; };
/* End PBXBuildFile section */

/* Begin PBXFileReference section */
		000E93001F9CCC2D001E6EDB /* WebViewCollection.app */ = {isa = PBXFileReference; explicitFileType = wrapper.application; includeInIndex = 0; path = WebViewCollection.app; sourceTree = BUILT_PRODUCTS_DIR; };
		000E93031F9CCC2D001E6EDB /* AppDelegate.swift */ = {isa = PBXFileReference; lastKnownFileType = sourcecode.swift; path = AppDelegate.swift; sourceTree = "<group>"; };
		000E93051F9CCC2D001E6EDB /* ViewController.swift */ = {isa = PBXFileReference; lastKnownFileType = sourcecode.swift; path = ViewController.swift; sourceTree = "<group>"; };
		000E93081F9CCC2D001E6EDB /* Base */ = {isa = PBXFileReference; lastKnownFileType = file.storyboard; name = Base; path = Base.lproj/Main.storyboard; sourceTree = "<group>"; };
		000E930A1F9CCC2D001E6EDB /* Assets.xcassets */ = {isa = PBXFileReference; lastKnownFileType = folder.assetcatalog; path = Assets.xcassets; sourceTree = "<group>"; };
		000E930D1F9CCC2D001E6EDB /* Base */ = {isa = PBXFileReference; lastKnownFileType = file.storyboard; name = Base; path = Base.lproj/LaunchScreen.storyboard; sourceTree = "<group>"; };
		000E930F1F9CCC2D001E6EDB /* Info.plist */ = {isa = PBXFileReference; lastKnownFileType = text.plist.xml; path = Info.plist; sourceTree = "<group>"; };
/* End PBXFileReference section */

/* Begin PBXFrameworksBuildPhase section */
		000E92FD1F9CCC2D001E6EDB /* Frameworks */ = {
			isa = PBXFrameworksBuildPhase;
			buildActionMask = 2147483647;
			files = (
			);
			runOnlyForDeploymentPostprocessing = 0;
		};
/* End PBXFrameworksBuildPhase section */

/* Begin PBXGroup section */
		000E92F71F9CCC2D001E6EDB = {
			isa = PBXGroup;
			children = (
				000E93021F9CCC2D001E6EDB /* WebViewCollection */,
				000E93011F9CCC2D001E6EDB /* Products */,
			);
			sourceTree = "<group>";
		};
		000E93011F9CCC2D001E6EDB /* Products */ = {
			isa = PBXGroup;
			children = (
				000E93001F9CCC2D001E6EDB /* WebViewCollection.app */,
			);
			name = Products;
			sourceTree = "<group>";
		};
		000E93021F9CCC2D001E6EDB /* WebViewCollection */ = {
			isa = PBXGroup;
			children = (
				000E93031F9CCC2D001E6EDB /* AppDelegate.swift */,
				000E93051F9CCC2D001E6EDB /* ViewController.swift */,
				000E93071F9CCC2D001E6EDB /* Main.storyboard */,
				000E930A1F9CCC2D001E6EDB /* Assets.xcassets */,
				000E930C1F9CCC2D001E6EDB /* LaunchScreen.storyboard */,
				000E930F1F9CCC2D001E6EDB /* Info.plist */,
			);
			path = WebViewCollection;
			sourceTree = "<group>";
		};
/* End PBXGroup section */

/* Begin PBXNativeTarget section */
		000E92FF1F9CCC2D001E6EDB /* WebViewCollection */ = {
			isa = PBXNativeTarget;
			buildConfigurationList = 000E93121F9CCC2D001E6EDB /* Build configuration list for PBXNativeTarget "WebViewCollection" */;
			buildPhases = (
				000E92FC1F9CCC2D001E6EDB /* Sources */,
				000E92FD1F9CCC2D001E6EDB /* Frameworks */,
				000E92FE1F9CCC2D001E6EDB /* Resources */,
			);
			buildRules = (
			);
			dependencies = (
			);
			name = WebViewCollection;
			productName = WebViewCollection;
			productReference = 000E93001F9CCC2D001E6EDB /* WebViewCollection.app */;
			productType = "com.apple.product-type.application";
		};
/* End PBXNativeTarget section */

/* Begin PBXProject section */
		000E92F81F9CCC2D001E6EDB /* Project object */ = {
			isa = PBXProject;
			attributes = {
				LastSwiftUpdateCheck = 0900;
				LastUpgradeCheck = 0900;
				ORGANIZATIONNAME = "Takafumi Sato";
				TargetAttributes = {
					000E92FF1F9CCC2D001E6EDB = {
						CreatedOnToolsVersion = 9.0.1;
						ProvisioningStyle = Automatic;
					};
				};
			};
			buildConfigurationList = 000E92FB1F9CCC2D001E6EDB /* Build configuration list for PBXProject "WebViewCollection" */;
			compatibilityVersion = "Xcode 8.0";
			developmentRegion = en;
			hasScannedForEncodings = 0;
			knownRegions = (
				en,
				Base,
			);
			mainGroup = 000E92F71F9CCC2D001E6EDB;
			productRefGroup = 000E93011F9CCC2D001E6EDB /* Products */;
			projectDirPath = "";
			projectRoot = "";
			targets = (
				000E92FF1F9CCC2D001E6EDB /* WebViewCollection */,
			);
		};
/* End PBXProject section */

/* Begin PBXResourcesBuildPhase section */
		000E92FE1F9CCC2D001E6EDB /* Resources */ = {
			isa = PBXResourcesBuildPhase;
			buildActionMask = 2147483647;
			files = (
				000E930E1F9CCC2D001E6EDB /* LaunchScreen.storyboard in Resources */,
				000E930B1F9CCC2D001E6EDB /* Assets.xcassets in Resources */,
				000E93091F9CCC2D001E6EDB /* Main.storyboard in Resources */,
			);
			runOnlyForDeploymentPostprocessing = 0;
		};
/* End PBXResourcesBuildPhase section */

/* Begin PBXSourcesBuildPhase section */
		000E92FC1F9CCC2D001E6EDB /* Sources */ = {
			isa = PBXSourcesBuildPhase;
			buildActionMask = 2147483647;
			files = (
				000E93061F9CCC2D001E6EDB /* ViewController.swift in Sources */,
				000E93041F9CCC2D001E6EDB /* AppDelegate.swift in Sources */,
			);
			runOnlyForDeploymentPostprocessing = 0;
		};
/* End PBXSourcesBuildPhase section */

/* Begin PBXVariantGroup section */
		000E93071F9CCC2D001E6EDB /* Main.storyboard */ = {
			isa = PBXVariantGroup;
			children = (
				000E93081F9CCC2D001E6EDB /* Base */,
			);
			name = Main.storyboard;
			sourceTree = "<group>";
		};
		000E930C1F9CCC2D001E6EDB /* LaunchScreen.storyboard */ = {
			isa = PBXVariantGroup;
			children = (
				000E930D1F9CCC2D001E6EDB /* Base */,
			);
			name = LaunchScreen.storyboard;
			sourceTree = "<group>";
		};
/* End PBXVariantGroup section */

/* Begin XCBuildConfiguration section */
		000E93101F9CCC2D001E6EDB /* Debug */ = {
			isa = XCBuildConfiguration;
			buildSettings = {
				ALWAYS_SEARCH_USER_PATHS = NO;
				CLANG_ANALYZER_NONNULL = YES;
				CLANG_ANALYZER_NUMBER_OBJECT_CONVERSION = YES_AGGRESSIVE;
				CLANG_CXX_LANGUAGE_STANDARD = "gnu++14";
				CLANG_CXX_LIBRARY = "libc++";
				CLANG_ENABLE_MODULES = YES;
				CLANG_ENABLE_OBJC_ARC = YES;
				CLANG_WARN_BLOCK_CAPTURE_AUTORELEASING = YES;
				CLANG_WARN_BOOL_CONVERSION = YES;
				CLANG_WARN_COMMA = YES;
				CLANG_WARN_CONSTANT_CONVERSION = YES;
				CLANG_WARN_DIRECT_OBJC_ISA_USAGE = YES_ERROR;
				CLANG_WARN_DOCUMENTATION_COMMENTS = YES;
				CLANG_WARN_EMPTY_BODY = YES;
				CLANG_WARN_ENUM_CONVERSION = YES;
				CLANG_WARN_INFINITE_RECURSION = YES;
				CLANG_WARN_INT_CONVERSION = YES;
				CLANG_WARN_NON_LITERAL_NULL_CONVERSION = YES;
				CLANG_WARN_OBJC_LITERAL_CONVERSION = YES;
				CLANG_WARN_OBJC_ROOT_CLASS = YES_ERROR;
				CLANG_WARN_RANGE_LOOP_ANALYSIS = YES;
				CLANG_WARN_STRICT_PROTOTYPES = YES;
				CLANG_WARN_SUSPICIOUS_MOVE = YES;
				CLANG_WARN_UNGUARDED_AVAILABILITY = YES_AGGRESSIVE;
				CLANG_WARN_UNREACHABLE_CODE = YES;
				CLANG_WARN__DUPLICATE_METHOD_MATCH = YES;
				CODE_SIGN_IDENTITY = "iPhone Developer";
				COPY_PHASE_STRIP = NO;
				DEBUG_INFORMATION_FORMAT = dwarf;
				ENABLE_STRICT_OBJC_MSGSEND = YES;
				ENABLE_TESTABILITY = YES;
				GCC_C_LANGUAGE_STANDARD = gnu11;
				GCC_DYNAMIC_NO_PIC = NO;
				GCC_NO_COMMON_BLOCKS = YES;
				GCC_OPTIMIZATION_LEVEL = 0;
				GCC_PREPROCESSOR_DEFINITIONS = (
					"DEBUG=1",
					"$(inherited)",
				);
				GCC_WARN_64_TO_32_BIT_CONVERSION = YES;
				GCC_WARN_ABOUT_RETURN_TYPE = YES_ERROR;
				GCC_WARN_UNDECLARED_SELECTOR = YES;
				GCC_WARN_UNINITIALIZED_AUTOS = YES_AGGRESSIVE;
				GCC_WARN_UNUSED_FUNCTION = YES;
				GCC_WARN_UNUSED_VARIABLE = YES;
				IPHONEOS_DEPLOYMENT_TARGET = 11.0;
				MTL_ENABLE_DEBUG_INFO = YES;
				ONLY_ACTIVE_ARCH = YES;
				SDKROOT = iphoneos;
				SWIFT_ACTIVE_COMPILATION_CONDITIONS = DEBUG;
				SWIFT_OPTIMIZATION_LEVEL = "-Onone";
			};
			name = Debug;
		};
		000E93111F9CCC2D001E6EDB /* Release */ = {
			isa = XCBuildConfiguration;
			buildSettings = {
				ALWAYS_SEARCH_USER_PATHS = NO;
				CLANG_ANALYZER_NONNULL = YES;
				CLANG_ANALYZER_NUMBER_OBJECT_CONVERSION = YES_AGGRESSIVE;
				CLANG_CXX_LANGUAGE_STANDARD = "gnu++14";
				CLANG_CXX_LIBRARY = "libc++";
				CLANG_ENABLE_MODULES = YES;
				CLANG_ENABLE_OBJC_ARC = YES;
				CLANG_WARN_BLOCK_CAPTURE_AUTORELEASING = YES;
				CLANG_WARN_BOOL_CONVERSION = YES;
				CLANG_WARN_COMMA = YES;
				CLANG_WARN_CONSTANT_CONVERSION = YES;
				CLANG_WARN_DIRECT_OBJC_ISA_USAGE = YES_ERROR;
				CLANG_WARN_DOCUMENTATION_COMMENTS = YES;
				CLANG_WARN_EMPTY_BODY = YES;
				CLANG_WARN_ENUM_CONVERSION = YES;
				CLANG_WARN_INFINITE_RECURSION = YES;
				CLANG_WARN_INT_CONVERSION = YES;
				CLANG_WARN_NON_LITERAL_NULL_CONVERSION = YES;
				CLANG_WARN_OBJC_LITERAL_CONVERSION = YES;
				CLANG_WARN_OBJC_ROOT_CLASS = YES_ERROR;
				CLANG_WARN_RANGE_LOOP_ANALYSIS = YES;
				CLANG_WARN_STRICT_PROTOTYPES = YES;
				CLANG_WARN_SUSPICIOUS_MOVE = YES;
				CLANG_WARN_UNGUARDED_AVAILABILITY = YES_AGGRESSIVE;
				CLANG_WARN_UNREACHABLE_CODE = YES;
				CLANG_WARN__DUPLICATE_METHOD_MATCH = YES;
				CODE_SIGN_IDENTITY = "iPhone Developer";
				COPY_PHASE_STRIP = NO;
				DEBUG_INFORMATION_FORMAT = "dwarf-with-dsym";
				ENABLE_NS_ASSERTIONS = NO;
				ENABLE_STRICT_OBJC_MSGSEND = YES;
				GCC_C_LANGUAGE_STANDARD = gnu11;
				GCC_NO_COMMON_BLOCKS = YES;
				GCC_WARN_64_TO_32_BIT_CONVERSION = YES;
				GCC_WARN_ABOUT_RETURN_TYPE = YES_ERROR;
				GCC_WARN_UNDECLARED_SELECTOR = YES;
				GCC_WARN_UNINITIALIZED_AUTOS = YES_AGGRESSIVE;
				GCC_WARN_UNUSED_FUNCTION = YES;
				GCC_WARN_UNUSED_VARIABLE = YES;
				IPHONEOS_DEPLOYMENT_TARGET = 11.0;
				MTL_ENABLE_DEBUG_INFO = NO;
				SDKROOT = iphoneos;
				SWIFT_OPTIMIZATION_LEVEL = "-Owholemodule";
				VALIDATE_PRODUCT = YES;
			};
			name = Release;
		};
		000E93131F9CCC2D001E6EDB /* Debug */ = {
			isa = XCBuildConfiguration;
			buildSettings = {
				ASSETCATALOG_COMPILER_APPICON_NAME = AppIcon;
				CODE_SIGN_STYLE = Automatic;
				DEVELOPMENT_TEAM = SJ5QE3KLR4;
				INFOPLIST_FILE = WebViewCollection/Info.plist;
				LD_RUNPATH_SEARCH_PATHS = "$(inherited) @executable_path/Frameworks";
				PRODUCT_BUNDLE_IDENTIFIER = jp.fumimi.WebViewCollection;
				PRODUCT_NAME = "$(TARGET_NAME)";
				SWIFT_VERSION = 4.0;
				TARGETED_DEVICE_FAMILY = "1,2";
			};
			name = Debug;
		};
		000E93141F9CCC2D001E6EDB /* Release */ = {
			isa = XCBuildConfiguration;
			buildSettings = {
				ASSETCATALOG_COMPILER_APPICON_NAME = AppIcon;
				CODE_SIGN_STYLE = Automatic;
				DEVELOPMENT_TEAM = SJ5QE3KLR4;
				INFOPLIST_FILE = WebViewCollection/Info.plist;
				LD_RUNPATH_SEARCH_PATHS = "$(inherited) @executable_path/Frameworks";
				PRODUCT_BUNDLE_IDENTIFIER = jp.fumimi.WebViewCollection;
				PRODUCT_NAME = "$(TARGET_NAME)";
				SWIFT_VERSION = 4.0;
				TARGETED_DEVICE_FAMILY = "1,2";
			};
			name = Release;
		};
/* End XCBuildConfiguration section */

/* Begin XCConfigurationList section */
		000E92FB1F9CCC2D001E6EDB /* Build configuration list for PBXProject "WebViewCollection" */ = {
			isa = XCConfigurationList;
			buildConfigurations = (
				000E93101F9CCC2D001E6EDB /* Debug */,
				000E93111F9CCC2D001E6EDB /* Release */,
			);
			defaultConfigurationIsVisible = 0;
			defaultConfigurationName = Release;
		};
		000E93121F9CCC2D001E6EDB /* Build configuration list for PBXNativeTarget "WebViewCollection" */ = {
			isa = XCConfigurationList;
			buildConfigurations = (
				000E93131F9CCC2D001E6EDB /* Debug */,
				000E93141F9CCC2D001E6EDB /* Release */,
			);
			defaultConfigurationIsVisible = 0;
			defaultConfigurationName = Release;
		};
/* End XCConfigurationList section */
	};
	rootObject = 000E92F81F9CCC2D001E6EDB /* Project object */;
}
